// !$*UTF8*$!
{
	archiveVersion = 1;
	classes = {
	};
	objectVersion = 54;
	objects = {

/* Begin PBXBuildFile section */
		00E356F31AD99517003FC87E /* BleLowEnergyTests.m in Sources */ = {isa = PBXBuildFile; fileRef = 00E356F21AD99517003FC87E /* BleLowEnergyTests.m */; };
		0C80B921A6F3F58F76C31292 /* libPods-BleLowEnergy.a in Frameworks */ = {isa = PBXBuildFile; fileRef = 5DCACB8F33CDC322A6C60F78 /* libPods-BleLowEnergy.a */; };
		13B07FBC1A68108700A75B9A /* AppDelegate.mm in Sources */ = {isa = PBXBuildFile; fileRef = 13B07FB01A68108700A75B9A /* AppDelegate.mm */; };
		13B07FBF1A68108700A75B9A /* Images.xcassets in Resources */ = {isa = PBXBuildFile; fileRef = 13B07FB51A68108700A75B9A /* Images.xcassets */; };
		13B07FC11A68108700A75B9A /* main.m in Sources */ = {isa = PBXBuildFile; fileRef = 13B07FB71A68108700A75B9A /* main.m */; };
		7699B88040F8A987B510C191 /* libPods-BleLowEnergy-BleLowEnergyTests.a in Frameworks */ = {isa = PBXBuildFile; fileRef = 19F6CBCC0A4E27FBF8BF4A61 /* libPods-BleLowEnergy-BleLowEnergyTests.a */; };
		81AB9BB82411601600AC10FF /* LaunchScreen.storyboard in Resources */ = {isa = PBXBuildFile; fileRef = 81AB9BB72411601600AC10FF /* LaunchScreen.storyboard */; };
		38E746F1B4C54AEB8A87187F /* Kanit-Black.ttf in Resources */ = {isa = PBXBuildFile; fileRef = D58FA24F00DB49819B7CF71B /* Kanit-Black.ttf */; };
		2547255550C84C1391402B46 /* Kanit-BlackItalic.ttf in Resources */ = {isa = PBXBuildFile; fileRef = AD80CCF6C8014108A4C120BF /* Kanit-BlackItalic.ttf */; };
		5EF6783A889448909E94CE29 /* Kanit-Bold.ttf in Resources */ = {isa = PBXBuildFile; fileRef = EBA7AC1755E547BBA41AAF65 /* Kanit-Bold.ttf */; };
		E912D5A1A418410CAD9AA997 /* Kanit-BoldItalic.ttf in Resources */ = {isa = PBXBuildFile; fileRef = 697F7F953DFF453E8EAE36BF /* Kanit-BoldItalic.ttf */; };
		A2A02EBED7A741B680EF5315 /* Kanit-ExtraBold.ttf in Resources */ = {isa = PBXBuildFile; fileRef = 308497969F97483583298588 /* Kanit-ExtraBold.ttf */; };
		CB9CCD33B8904BD2A5BDB121 /* Kanit-ExtraBoldItalic.ttf in Resources */ = {isa = PBXBuildFile; fileRef = AD34E59660DE479282E0560A /* Kanit-ExtraBoldItalic.ttf */; };
		04A8CDAC76E344B8A484B400 /* Kanit-ExtraLight.ttf in Resources */ = {isa = PBXBuildFile; fileRef = 05154BFEA4A245D0AF8FC775 /* Kanit-ExtraLight.ttf */; };
		348BCBCB5EDB468D97812F95 /* Kanit-ExtraLightItalic.ttf in Resources */ = {isa = PBXBuildFile; fileRef = 8F94CE44863B4DA3988859B3 /* Kanit-ExtraLightItalic.ttf */; };
		397F5BB7F341453F8ED221C1 /* Kanit-Italic.ttf in Resources */ = {isa = PBXBuildFile; fileRef = A089473691DA43919B999217 /* Kanit-Italic.ttf */; };
		006182B93A394C94BD1B3E4E /* Kanit-Light.ttf in Resources */ = {isa = PBXBuildFile; fileRef = 601ED914FAC64A11B3E06D11 /* Kanit-Light.ttf */; };
		3B60CB50833D4C84B2963400 /* Kanit-LightItalic.ttf in Resources */ = {isa = PBXBuildFile; fileRef = 4B3A4232E0934373A91B1698 /* Kanit-LightItalic.ttf */; };
		C8B21A4D8D97446F96BBBE0D /* Kanit-Medium.ttf in Resources */ = {isa = PBXBuildFile; fileRef = 3D048248EB5648E38B009DD4 /* Kanit-Medium.ttf */; };
		108797AACB964D749992C026 /* Kanit-MediumItalic.ttf in Resources */ = {isa = PBXBuildFile; fileRef = 00DBAE9D115D4207AF6227E8 /* Kanit-MediumItalic.ttf */; };
		B1156937C75F4839AFFD4BC8 /* Kanit-Regular.ttf in Resources */ = {isa = PBXBuildFile; fileRef = 9E0D1F3D298E4E7F871F96AF /* Kanit-Regular.ttf */; };
		785C67F3E26F4F42A935A5BB /* Kanit-SemiBold.ttf in Resources */ = {isa = PBXBuildFile; fileRef = 6DAFEB3FB2C54D8E9E111D98 /* Kanit-SemiBold.ttf */; };
		AE0E6D7BD9B14FE1A4A05E58 /* Kanit-SemiBoldItalic.ttf in Resources */ = {isa = PBXBuildFile; fileRef = C898F552F04B4CBB986D0618 /* Kanit-SemiBoldItalic.ttf */; };
		9E1E8F10E14A47DA9412FEE7 /* Kanit-Thin.ttf in Resources */ = {isa = PBXBuildFile; fileRef = 899A95E26C304B52B7022F83 /* Kanit-Thin.ttf */; };
		617F37106981474D874858BB /* Kanit-ThinItalic.ttf in Resources */ = {isa = PBXBuildFile; fileRef = A88BC8821B88428593FAD688 /* Kanit-ThinItalic.ttf */; };
		6F9D9B7AFA4143A9AD8EEE90 /* Lobster-Regular.ttf in Resources */ = {isa = PBXBuildFile; fileRef = 054F99265C254A50BB3E1A02 /* Lobster-Regular.ttf */; };
		30583EDFFAE14687A2A2CC63 /* NotoSans-Regular.ttf in Resources */ = {isa = PBXBuildFile; fileRef = E037A269512442EB82F95F8A /* NotoSans-Regular.ttf */; };
		FAB19675A2C84CAC80E2A159 /* Roboto-Black.ttf in Resources */ = {isa = PBXBuildFile; fileRef = D92ECA1DEFAF43F8B659C53D /* Roboto-Black.ttf */; };
		0DF8DD6D112344B89F086149 /* Roboto-BlackItalic.ttf in Resources */ = {isa = PBXBuildFile; fileRef = B0FFE8A3D53F4572B7471053 /* Roboto-BlackItalic.ttf */; };
		3D0221D94F884A16A3E5385F /* Roboto-Bold.ttf in Resources */ = {isa = PBXBuildFile; fileRef = D9FD733BB16549E38F7A6C05 /* Roboto-Bold.ttf */; };
		2D252BD543354C078C6E538B /* Roboto-BoldItalic.ttf in Resources */ = {isa = PBXBuildFile; fileRef = 6145BC9630B747AAA4767498 /* Roboto-BoldItalic.ttf */; };
		DEFC7741BF5740A3B2E68673 /* Roboto-Italic.ttf in Resources */ = {isa = PBXBuildFile; fileRef = FB524AB8797F4C0B8FC945F3 /* Roboto-Italic.ttf */; };
		CD18DB9019BB4CF88DA661D5 /* Roboto-Light.ttf in Resources */ = {isa = PBXBuildFile; fileRef = C40F96BE9BE048F2AAEA26C5 /* Roboto-Light.ttf */; };
		A6017ED9915440A0919EA941 /* Roboto-LightItalic.ttf in Resources */ = {isa = PBXBuildFile; fileRef = F8958E2767F64B208A4BB9FA /* Roboto-LightItalic.ttf */; };
		1A3B1A15A8264F01AD7EC13A /* Roboto-Medium.ttf in Resources */ = {isa = PBXBuildFile; fileRef = 519A5D5E641A48DA9F101884 /* Roboto-Medium.ttf */; };
		96EA6CE803DC4157859D2914 /* Roboto-MediumItalic.ttf in Resources */ = {isa = PBXBuildFile; fileRef = 16D75D706F3E4A85B1442882 /* Roboto-MediumItalic.ttf */; };
		477256478A8D4E9CB72EE3D6 /* Roboto-Regular.ttf in Resources */ = {isa = PBXBuildFile; fileRef = DEAA003DE5574ACEAEA547E2 /* Roboto-Regular.ttf */; };
		335940A5BDE64AFEBEABE745 /* Roboto-Thin.ttf in Resources */ = {isa = PBXBuildFile; fileRef = F113C11F01C14F5DBABE1E02 /* Roboto-Thin.ttf */; };
		226E7B465D584006976C0DB1 /* Roboto-ThinItalic.ttf in Resources */ = {isa = PBXBuildFile; fileRef = 05FEE152669245D4B4AB0CD5 /* Roboto-ThinItalic.ttf */; };
		9EC6ECFB09A448778A14AA34 /* LICENSE.txt in Resources */ = {isa = PBXBuildFile; fileRef = 954A1D8C5F1C4F60BB8117E8 /* LICENSE.txt */; };
/* End PBXBuildFile section */

/* Begin PBXContainerItemProxy section */
		00E356F41AD99517003FC87E /* PBXContainerItemProxy */ = {
			isa = PBXContainerItemProxy;
			containerPortal = 83CBB9F71A601CBA00E9B192 /* Project object */;
			proxyType = 1;
			remoteGlobalIDString = 13B07F861A680F5B00A75B9A;
			remoteInfo = BleLowEnergy;
		};
/* End PBXContainerItemProxy section */

/* Begin PBXFileReference section */
		00E356EE1AD99517003FC87E /* BleLowEnergyTests.xctest */ = {isa = PBXFileReference; explicitFileType = wrapper.cfbundle; includeInIndex = 0; path = BleLowEnergyTests.xctest; sourceTree = BUILT_PRODUCTS_DIR; };
		00E356F11AD99517003FC87E /* Info.plist */ = {isa = PBXFileReference; lastKnownFileType = text.plist.xml; path = Info.plist; sourceTree = "<group>"; };
		00E356F21AD99517003FC87E /* BleLowEnergyTests.m */ = {isa = PBXFileReference; lastKnownFileType = sourcecode.c.objc; path = BleLowEnergyTests.m; sourceTree = "<group>"; };
		13B07F961A680F5B00A75B9A /* BleLowEnergy.app */ = {isa = PBXFileReference; explicitFileType = wrapper.application; includeInIndex = 0; path = BleLowEnergy.app; sourceTree = BUILT_PRODUCTS_DIR; };
		13B07FAF1A68108700A75B9A /* AppDelegate.h */ = {isa = PBXFileReference; fileEncoding = 4; lastKnownFileType = sourcecode.c.h; name = AppDelegate.h; path = BleLowEnergy/AppDelegate.h; sourceTree = "<group>"; };
		13B07FB01A68108700A75B9A /* AppDelegate.mm */ = {isa = PBXFileReference; fileEncoding = 4; lastKnownFileType = sourcecode.cpp.objcpp; name = AppDelegate.mm; path = BleLowEnergy/AppDelegate.mm; sourceTree = "<group>"; };
		13B07FB51A68108700A75B9A /* Images.xcassets */ = {isa = PBXFileReference; lastKnownFileType = folder.assetcatalog; name = Images.xcassets; path = BleLowEnergy/Images.xcassets; sourceTree = "<group>"; };
		13B07FB61A68108700A75B9A /* Info.plist */ = {isa = PBXFileReference; fileEncoding = 4; lastKnownFileType = text.plist.xml; name = Info.plist; path = BleLowEnergy/Info.plist; sourceTree = "<group>"; };
		13B07FB71A68108700A75B9A /* main.m */ = {isa = PBXFileReference; fileEncoding = 4; lastKnownFileType = sourcecode.c.objc; name = main.m; path = BleLowEnergy/main.m; sourceTree = "<group>"; };
		19F6CBCC0A4E27FBF8BF4A61 /* libPods-BleLowEnergy-BleLowEnergyTests.a */ = {isa = PBXFileReference; explicitFileType = archive.ar; includeInIndex = 0; path = "libPods-BleLowEnergy-BleLowEnergyTests.a"; sourceTree = BUILT_PRODUCTS_DIR; };
		3B4392A12AC88292D35C810B /* Pods-BleLowEnergy.debug.xcconfig */ = {isa = PBXFileReference; includeInIndex = 1; lastKnownFileType = text.xcconfig; name = "Pods-BleLowEnergy.debug.xcconfig"; path = "Target Support Files/Pods-BleLowEnergy/Pods-BleLowEnergy.debug.xcconfig"; sourceTree = "<group>"; };
		5709B34CF0A7D63546082F79 /* Pods-BleLowEnergy.release.xcconfig */ = {isa = PBXFileReference; includeInIndex = 1; lastKnownFileType = text.xcconfig; name = "Pods-BleLowEnergy.release.xcconfig"; path = "Target Support Files/Pods-BleLowEnergy/Pods-BleLowEnergy.release.xcconfig"; sourceTree = "<group>"; };
		5B7EB9410499542E8C5724F5 /* Pods-BleLowEnergy-BleLowEnergyTests.debug.xcconfig */ = {isa = PBXFileReference; includeInIndex = 1; lastKnownFileType = text.xcconfig; name = "Pods-BleLowEnergy-BleLowEnergyTests.debug.xcconfig"; path = "Target Support Files/Pods-BleLowEnergy-BleLowEnergyTests/Pods-BleLowEnergy-BleLowEnergyTests.debug.xcconfig"; sourceTree = "<group>"; };
		5DCACB8F33CDC322A6C60F78 /* libPods-BleLowEnergy.a */ = {isa = PBXFileReference; explicitFileType = archive.ar; includeInIndex = 0; path = "libPods-BleLowEnergy.a"; sourceTree = BUILT_PRODUCTS_DIR; };
		81AB9BB72411601600AC10FF /* LaunchScreen.storyboard */ = {isa = PBXFileReference; fileEncoding = 4; lastKnownFileType = file.storyboard; name = LaunchScreen.storyboard; path = BleLowEnergy/LaunchScreen.storyboard; sourceTree = "<group>"; };
		89C6BE57DB24E9ADA2F236DE /* Pods-BleLowEnergy-BleLowEnergyTests.release.xcconfig */ = {isa = PBXFileReference; includeInIndex = 1; lastKnownFileType = text.xcconfig; name = "Pods-BleLowEnergy-BleLowEnergyTests.release.xcconfig"; path = "Target Support Files/Pods-BleLowEnergy-BleLowEnergyTests/Pods-BleLowEnergy-BleLowEnergyTests.release.xcconfig"; sourceTree = "<group>"; };
		ED297162215061F000B7C4FE /* JavaScriptCore.framework */ = {isa = PBXFileReference; lastKnownFileType = wrapper.framework; name = JavaScriptCore.framework; path = System/Library/Frameworks/JavaScriptCore.framework; sourceTree = SDKROOT; };
		D58FA24F00DB49819B7CF71B /* Kanit-Black.ttf */ = {isa = PBXFileReference; name = "Kanit-Black.ttf"; path = "../assets/fonts/Kanit-Black.ttf"; sourceTree = "<group>"; fileEncoding = undefined; lastKnownFileType = unknown; explicitFileType = undefined; includeInIndex = 0; };
		AD80CCF6C8014108A4C120BF /* Kanit-BlackItalic.ttf */ = {isa = PBXFileReference; name = "Kanit-BlackItalic.ttf"; path = "../assets/fonts/Kanit-BlackItalic.ttf"; sourceTree = "<group>"; fileEncoding = undefined; lastKnownFileType = unknown; explicitFileType = undefined; includeInIndex = 0; };
		EBA7AC1755E547BBA41AAF65 /* Kanit-Bold.ttf */ = {isa = PBXFileReference; name = "Kanit-Bold.ttf"; path = "../assets/fonts/Kanit-Bold.ttf"; sourceTree = "<group>"; fileEncoding = undefined; lastKnownFileType = unknown; explicitFileType = undefined; includeInIndex = 0; };
		697F7F953DFF453E8EAE36BF /* Kanit-BoldItalic.ttf */ = {isa = PBXFileReference; name = "Kanit-BoldItalic.ttf"; path = "../assets/fonts/Kanit-BoldItalic.ttf"; sourceTree = "<group>"; fileEncoding = undefined; lastKnownFileType = unknown; explicitFileType = undefined; includeInIndex = 0; };
		308497969F97483583298588 /* Kanit-ExtraBold.ttf */ = {isa = PBXFileReference; name = "Kanit-ExtraBold.ttf"; path = "../assets/fonts/Kanit-ExtraBold.ttf"; sourceTree = "<group>"; fileEncoding = undefined; lastKnownFileType = unknown; explicitFileType = undefined; includeInIndex = 0; };
		AD34E59660DE479282E0560A /* Kanit-ExtraBoldItalic.ttf */ = {isa = PBXFileReference; name = "Kanit-ExtraBoldItalic.ttf"; path = "../assets/fonts/Kanit-ExtraBoldItalic.ttf"; sourceTree = "<group>"; fileEncoding = undefined; lastKnownFileType = unknown; explicitFileType = undefined; includeInIndex = 0; };
		05154BFEA4A245D0AF8FC775 /* Kanit-ExtraLight.ttf */ = {isa = PBXFileReference; name = "Kanit-ExtraLight.ttf"; path = "../assets/fonts/Kanit-ExtraLight.ttf"; sourceTree = "<group>"; fileEncoding = undefined; lastKnownFileType = unknown; explicitFileType = undefined; includeInIndex = 0; };
		8F94CE44863B4DA3988859B3 /* Kanit-ExtraLightItalic.ttf */ = {isa = PBXFileReference; name = "Kanit-ExtraLightItalic.ttf"; path = "../assets/fonts/Kanit-ExtraLightItalic.ttf"; sourceTree = "<group>"; fileEncoding = undefined; lastKnownFileType = unknown; explicitFileType = undefined; includeInIndex = 0; };
		A089473691DA43919B999217 /* Kanit-Italic.ttf */ = {isa = PBXFileReference; name = "Kanit-Italic.ttf"; path = "../assets/fonts/Kanit-Italic.ttf"; sourceTree = "<group>"; fileEncoding = undefined; lastKnownFileType = unknown; explicitFileType = undefined; includeInIndex = 0; };
		601ED914FAC64A11B3E06D11 /* Kanit-Light.ttf */ = {isa = PBXFileReference; name = "Kanit-Light.ttf"; path = "../assets/fonts/Kanit-Light.ttf"; sourceTree = "<group>"; fileEncoding = undefined; lastKnownFileType = unknown; explicitFileType = undefined; includeInIndex = 0; };
		4B3A4232E0934373A91B1698 /* Kanit-LightItalic.ttf */ = {isa = PBXFileReference; name = "Kanit-LightItalic.ttf"; path = "../assets/fonts/Kanit-LightItalic.ttf"; sourceTree = "<group>"; fileEncoding = undefined; lastKnownFileType = unknown; explicitFileType = undefined; includeInIndex = 0; };
		3D048248EB5648E38B009DD4 /* Kanit-Medium.ttf */ = {isa = PBXFileReference; name = "Kanit-Medium.ttf"; path = "../assets/fonts/Kanit-Medium.ttf"; sourceTree = "<group>"; fileEncoding = undefined; lastKnownFileType = unknown; explicitFileType = undefined; includeInIndex = 0; };
		00DBAE9D115D4207AF6227E8 /* Kanit-MediumItalic.ttf */ = {isa = PBXFileReference; name = "Kanit-MediumItalic.ttf"; path = "../assets/fonts/Kanit-MediumItalic.ttf"; sourceTree = "<group>"; fileEncoding = undefined; lastKnownFileType = unknown; explicitFileType = undefined; includeInIndex = 0; };
		9E0D1F3D298E4E7F871F96AF /* Kanit-Regular.ttf */ = {isa = PBXFileReference; name = "Kanit-Regular.ttf"; path = "../assets/fonts/Kanit-Regular.ttf"; sourceTree = "<group>"; fileEncoding = undefined; lastKnownFileType = unknown; explicitFileType = undefined; includeInIndex = 0; };
		6DAFEB3FB2C54D8E9E111D98 /* Kanit-SemiBold.ttf */ = {isa = PBXFileReference; name = "Kanit-SemiBold.ttf"; path = "../assets/fonts/Kanit-SemiBold.ttf"; sourceTree = "<group>"; fileEncoding = undefined; lastKnownFileType = unknown; explicitFileType = undefined; includeInIndex = 0; };
		C898F552F04B4CBB986D0618 /* Kanit-SemiBoldItalic.ttf */ = {isa = PBXFileReference; name = "Kanit-SemiBoldItalic.ttf"; path = "../assets/fonts/Kanit-SemiBoldItalic.ttf"; sourceTree = "<group>"; fileEncoding = undefined; lastKnownFileType = unknown; explicitFileType = undefined; includeInIndex = 0; };
		899A95E26C304B52B7022F83 /* Kanit-Thin.ttf */ = {isa = PBXFileReference; name = "Kanit-Thin.ttf"; path = "../assets/fonts/Kanit-Thin.ttf"; sourceTree = "<group>"; fileEncoding = undefined; lastKnownFileType = unknown; explicitFileType = undefined; includeInIndex = 0; };
		A88BC8821B88428593FAD688 /* Kanit-ThinItalic.ttf */ = {isa = PBXFileReference; name = "Kanit-ThinItalic.ttf"; path = "../assets/fonts/Kanit-ThinItalic.ttf"; sourceTree = "<group>"; fileEncoding = undefined; lastKnownFileType = unknown; explicitFileType = undefined; includeInIndex = 0; };
		054F99265C254A50BB3E1A02 /* Lobster-Regular.ttf */ = {isa = PBXFileReference; name = "Lobster-Regular.ttf"; path = "../assets/fonts/Lobster-Regular.ttf"; sourceTree = "<group>"; fileEncoding = undefined; lastKnownFileType = unknown; explicitFileType = undefined; includeInIndex = 0; };
		E037A269512442EB82F95F8A /* NotoSans-Regular.ttf */ = {isa = PBXFileReference; name = "NotoSans-Regular.ttf"; path = "../assets/fonts/NotoSans-Regular.ttf"; sourceTree = "<group>"; fileEncoding = undefined; lastKnownFileType = unknown; explicitFileType = undefined; includeInIndex = 0; };
		D92ECA1DEFAF43F8B659C53D /* Roboto-Black.ttf */ = {isa = PBXFileReference; name = "Roboto-Black.ttf"; path = "../assets/fonts/Roboto-Black.ttf"; sourceTree = "<group>"; fileEncoding = undefined; lastKnownFileType = unknown; explicitFileType = undefined; includeInIndex = 0; };
		B0FFE8A3D53F4572B7471053 /* Roboto-BlackItalic.ttf */ = {isa = PBXFileReference; name = "Roboto-BlackItalic.ttf"; path = "../assets/fonts/Roboto-BlackItalic.ttf"; sourceTree = "<group>"; fileEncoding = undefined; lastKnownFileType = unknown; explicitFileType = undefined; includeInIndex = 0; };
		D9FD733BB16549E38F7A6C05 /* Roboto-Bold.ttf */ = {isa = PBXFileReference; name = "Roboto-Bold.ttf"; path = "../assets/fonts/Roboto-Bold.ttf"; sourceTree = "<group>"; fileEncoding = undefined; lastKnownFileType = unknown; explicitFileType = undefined; includeInIndex = 0; };
		6145BC9630B747AAA4767498 /* Roboto-BoldItalic.ttf */ = {isa = PBXFileReference; name = "Roboto-BoldItalic.ttf"; path = "../assets/fonts/Roboto-BoldItalic.ttf"; sourceTree = "<group>"; fileEncoding = undefined; lastKnownFileType = unknown; explicitFileType = undefined; includeInIndex = 0; };
		FB524AB8797F4C0B8FC945F3 /* Roboto-Italic.ttf */ = {isa = PBXFileReference; name = "Roboto-Italic.ttf"; path = "../assets/fonts/Roboto-Italic.ttf"; sourceTree = "<group>"; fileEncoding = undefined; lastKnownFileType = unknown; explicitFileType = undefined; includeInIndex = 0; };
		C40F96BE9BE048F2AAEA26C5 /* Roboto-Light.ttf */ = {isa = PBXFileReference; name = "Roboto-Light.ttf"; path = "../assets/fonts/Roboto-Light.ttf"; sourceTree = "<group>"; fileEncoding = undefined; lastKnownFileType = unknown; explicitFileType = undefined; includeInIndex = 0; };
		F8958E2767F64B208A4BB9FA /* Roboto-LightItalic.ttf */ = {isa = PBXFileReference; name = "Roboto-LightItalic.ttf"; path = "../assets/fonts/Roboto-LightItalic.ttf"; sourceTree = "<group>"; fileEncoding = undefined; lastKnownFileType = unknown; explicitFileType = undefined; includeInIndex = 0; };
		519A5D5E641A48DA9F101884 /* Roboto-Medium.ttf */ = {isa = PBXFileReference; name = "Roboto-Medium.ttf"; path = "../assets/fonts/Roboto-Medium.ttf"; sourceTree = "<group>"; fileEncoding = undefined; lastKnownFileType = unknown; explicitFileType = undefined; includeInIndex = 0; };
		16D75D706F3E4A85B1442882 /* Roboto-MediumItalic.ttf */ = {isa = PBXFileReference; name = "Roboto-MediumItalic.ttf"; path = "../assets/fonts/Roboto-MediumItalic.ttf"; sourceTree = "<group>"; fileEncoding = undefined; lastKnownFileType = unknown; explicitFileType = undefined; includeInIndex = 0; };
		DEAA003DE5574ACEAEA547E2 /* Roboto-Regular.ttf */ = {isa = PBXFileReference; name = "Roboto-Regular.ttf"; path = "../assets/fonts/Roboto-Regular.ttf"; sourceTree = "<group>"; fileEncoding = undefined; lastKnownFileType = unknown; explicitFileType = undefined; includeInIndex = 0; };
		F113C11F01C14F5DBABE1E02 /* Roboto-Thin.ttf */ = {isa = PBXFileReference; name = "Roboto-Thin.ttf"; path = "../assets/fonts/Roboto-Thin.ttf"; sourceTree = "<group>"; fileEncoding = undefined; lastKnownFileType = unknown; explicitFileType = undefined; includeInIndex = 0; };
		05FEE152669245D4B4AB0CD5 /* Roboto-ThinItalic.ttf */ = {isa = PBXFileReference; name = "Roboto-ThinItalic.ttf"; path = "../assets/fonts/Roboto-ThinItalic.ttf"; sourceTree = "<group>"; fileEncoding = undefined; lastKnownFileType = unknown; explicitFileType = undefined; includeInIndex = 0; };
		954A1D8C5F1C4F60BB8117E8 /* LICENSE.txt */ = {isa = PBXFileReference; name = "LICENSE.txt"; path = "../assets/fonts/LICENSE.txt"; sourceTree = "<group>"; fileEncoding = undefined; lastKnownFileType = unknown; explicitFileType = undefined; includeInIndex = 0; };
/* End PBXFileReference section */

/* Begin PBXFrameworksBuildPhase section */
		00E356EB1AD99517003FC87E /* Frameworks */ = {
			isa = PBXFrameworksBuildPhase;
			buildActionMask = 2147483647;
			files = (
				7699B88040F8A987B510C191 /* libPods-BleLowEnergy-BleLowEnergyTests.a in Frameworks */,
			);
			runOnlyForDeploymentPostprocessing = 0;
		};
		13B07F8C1A680F5B00A75B9A /* Frameworks */ = {
			isa = PBXFrameworksBuildPhase;
			buildActionMask = 2147483647;
			files = (
				0C80B921A6F3F58F76C31292 /* libPods-BleLowEnergy.a in Frameworks */,
			);
			runOnlyForDeploymentPostprocessing = 0;
		};
/* End PBXFrameworksBuildPhase section */

/* Begin PBXGroup section */
		00E356EF1AD99517003FC87E /* BleLowEnergyTests */ = {
			isa = PBXGroup;
			children = (
				00E356F21AD99517003FC87E /* BleLowEnergyTests.m */,
				00E356F01AD99517003FC87E /* Supporting Files */,
			);
			path = BleLowEnergyTests;
			sourceTree = "<group>";
		};
		00E356F01AD99517003FC87E /* Supporting Files */ = {
			isa = PBXGroup;
			children = (
				00E356F11AD99517003FC87E /* Info.plist */,
			);
			name = "Supporting Files";
			sourceTree = "<group>";
		};
		13B07FAE1A68108700A75B9A /* BleLowEnergy */ = {
			isa = PBXGroup;
			children = (
				13B07FAF1A68108700A75B9A /* AppDelegate.h */,
				13B07FB01A68108700A75B9A /* AppDelegate.mm */,
				13B07FB51A68108700A75B9A /* Images.xcassets */,
				13B07FB61A68108700A75B9A /* Info.plist */,
				81AB9BB72411601600AC10FF /* LaunchScreen.storyboard */,
				13B07FB71A68108700A75B9A /* main.m */,
			);
			name = BleLowEnergy;
			sourceTree = "<group>";
		};
		2D16E6871FA4F8E400B85C8A /* Frameworks */ = {
			isa = PBXGroup;
			children = (
				ED297162215061F000B7C4FE /* JavaScriptCore.framework */,
				5DCACB8F33CDC322A6C60F78 /* libPods-BleLowEnergy.a */,
				19F6CBCC0A4E27FBF8BF4A61 /* libPods-BleLowEnergy-BleLowEnergyTests.a */,
			);
			name = Frameworks;
			sourceTree = "<group>";
		};
		832341AE1AAA6A7D00B99B32 /* Libraries */ = {
			isa = PBXGroup;
			children = (
			);
			name = Libraries;
			sourceTree = "<group>";
		};
		83CBB9F61A601CBA00E9B192 = {
			isa = PBXGroup;
			children = (
				13B07FAE1A68108700A75B9A /* BleLowEnergy */,
				832341AE1AAA6A7D00B99B32 /* Libraries */,
				00E356EF1AD99517003FC87E /* BleLowEnergyTests */,
				83CBBA001A601CBA00E9B192 /* Products */,
				2D16E6871FA4F8E400B85C8A /* Frameworks */,
				BBD78D7AC51CEA395F1C20DB /* Pods */,
				2AD8D36D48EC4D4ABD5BEF0E /* Resources */,
			);
			indentWidth = 2;
			sourceTree = "<group>";
			tabWidth = 2;
			usesTabs = 0;
		};
		83CBBA001A601CBA00E9B192 /* Products */ = {
			isa = PBXGroup;
			children = (
				13B07F961A680F5B00A75B9A /* BleLowEnergy.app */,
				00E356EE1AD99517003FC87E /* BleLowEnergyTests.xctest */,
			);
			name = Products;
			sourceTree = "<group>";
		};
		BBD78D7AC51CEA395F1C20DB /* Pods */ = {
			isa = PBXGroup;
			children = (
				3B4392A12AC88292D35C810B /* Pods-BleLowEnergy.debug.xcconfig */,
				5709B34CF0A7D63546082F79 /* Pods-BleLowEnergy.release.xcconfig */,
				5B7EB9410499542E8C5724F5 /* Pods-BleLowEnergy-BleLowEnergyTests.debug.xcconfig */,
				89C6BE57DB24E9ADA2F236DE /* Pods-BleLowEnergy-BleLowEnergyTests.release.xcconfig */,
			);
			path = Pods;
			sourceTree = "<group>";
		};
		2AD8D36D48EC4D4ABD5BEF0E /* Resources */ = {
			isa = "PBXGroup";
			children = (
				D58FA24F00DB49819B7CF71B /* Kanit-Black.ttf */,
				AD80CCF6C8014108A4C120BF /* Kanit-BlackItalic.ttf */,
				EBA7AC1755E547BBA41AAF65 /* Kanit-Bold.ttf */,
				697F7F953DFF453E8EAE36BF /* Kanit-BoldItalic.ttf */,
				308497969F97483583298588 /* Kanit-ExtraBold.ttf */,
				AD34E59660DE479282E0560A /* Kanit-ExtraBoldItalic.ttf */,
				05154BFEA4A245D0AF8FC775 /* Kanit-ExtraLight.ttf */,
				8F94CE44863B4DA3988859B3 /* Kanit-ExtraLightItalic.ttf */,
				A089473691DA43919B999217 /* Kanit-Italic.ttf */,
				601ED914FAC64A11B3E06D11 /* Kanit-Light.ttf */,
				4B3A4232E0934373A91B1698 /* Kanit-LightItalic.ttf */,
				3D048248EB5648E38B009DD4 /* Kanit-Medium.ttf */,
				00DBAE9D115D4207AF6227E8 /* Kanit-MediumItalic.ttf */,
				9E0D1F3D298E4E7F871F96AF /* Kanit-Regular.ttf */,
				6DAFEB3FB2C54D8E9E111D98 /* Kanit-SemiBold.ttf */,
				C898F552F04B4CBB986D0618 /* Kanit-SemiBoldItalic.ttf */,
				899A95E26C304B52B7022F83 /* Kanit-Thin.ttf */,
				A88BC8821B88428593FAD688 /* Kanit-ThinItalic.ttf */,
				054F99265C254A50BB3E1A02 /* Lobster-Regular.ttf */,
				E037A269512442EB82F95F8A /* NotoSans-Regular.ttf */,
				D92ECA1DEFAF43F8B659C53D /* Roboto-Black.ttf */,
				B0FFE8A3D53F4572B7471053 /* Roboto-BlackItalic.ttf */,
				D9FD733BB16549E38F7A6C05 /* Roboto-Bold.ttf */,
				6145BC9630B747AAA4767498 /* Roboto-BoldItalic.ttf */,
				FB524AB8797F4C0B8FC945F3 /* Roboto-Italic.ttf */,
				C40F96BE9BE048F2AAEA26C5 /* Roboto-Light.ttf */,
				F8958E2767F64B208A4BB9FA /* Roboto-LightItalic.ttf */,
				519A5D5E641A48DA9F101884 /* Roboto-Medium.ttf */,
				16D75D706F3E4A85B1442882 /* Roboto-MediumItalic.ttf */,
				DEAA003DE5574ACEAEA547E2 /* Roboto-Regular.ttf */,
				F113C11F01C14F5DBABE1E02 /* Roboto-Thin.ttf */,
				05FEE152669245D4B4AB0CD5 /* Roboto-ThinItalic.ttf */,
				954A1D8C5F1C4F60BB8117E8 /* LICENSE.txt */,
			);
			name = Resources;
			sourceTree = "<group>";
			path = "";
		};
/* End PBXGroup section */

/* Begin PBXNativeTarget section */
		00E356ED1AD99517003FC87E /* BleLowEnergyTests */ = {
			isa = PBXNativeTarget;
			buildConfigurationList = 00E357021AD99517003FC87E /* Build configuration list for PBXNativeTarget "BleLowEnergyTests" */;
			buildPhases = (
				A55EABD7B0C7F3A422A6CC61 /* [CP] Check Pods Manifest.lock */,
				00E356EA1AD99517003FC87E /* Sources */,
				00E356EB1AD99517003FC87E /* Frameworks */,
				00E356EC1AD99517003FC87E /* Resources */,
				C59DA0FBD6956966B86A3779 /* [CP] Embed Pods Frameworks */,
				F6A41C54EA430FDDC6A6ED99 /* [CP] Copy Pods Resources */,
			);
			buildRules = (
			);
			dependencies = (
				00E356F51AD99517003FC87E /* PBXTargetDependency */,
			);
			name = BleLowEnergyTests;
			productName = BleLowEnergyTests;
			productReference = 00E356EE1AD99517003FC87E /* BleLowEnergyTests.xctest */;
			productType = "com.apple.product-type.bundle.unit-test";
		};
		13B07F861A680F5B00A75B9A /* BleLowEnergy */ = {
			isa = PBXNativeTarget;
			buildConfigurationList = 13B07F931A680F5B00A75B9A /* Build configuration list for PBXNativeTarget "BleLowEnergy" */;
			buildPhases = (
				C38B50BA6285516D6DCD4F65 /* [CP] Check Pods Manifest.lock */,
				FD10A7F022414F080027D42C /* Start Packager */,
				13B07F871A680F5B00A75B9A /* Sources */,
				13B07F8C1A680F5B00A75B9A /* Frameworks */,
				13B07F8E1A680F5B00A75B9A /* Resources */,
				00DD1BFF1BD5951E006B06BC /* Bundle React Native code and images */,
				00EEFC60759A1932668264C0 /* [CP] Embed Pods Frameworks */,
				E235C05ADACE081382539298 /* [CP] Copy Pods Resources */,
			);
			buildRules = (
			);
			dependencies = (
			);
			name = BleLowEnergy;
			productName = BleLowEnergy;
			productReference = 13B07F961A680F5B00A75B9A /* BleLowEnergy.app */;
			productType = "com.apple.product-type.application";
		};
/* End PBXNativeTarget section */

/* Begin PBXProject section */
		83CBB9F71A601CBA00E9B192 /* Project object */ = {
			isa = PBXProject;
			attributes = {
				LastUpgradeCheck = 1210;
				TargetAttributes = {
					00E356ED1AD99517003FC87E = {
						CreatedOnToolsVersion = 6.2;
						TestTargetID = 13B07F861A680F5B00A75B9A;
					};
					13B07F861A680F5B00A75B9A = {
						LastSwiftMigration = 1120;
					};
				};
			};
			buildConfigurationList = 83CBB9FA1A601CBA00E9B192 /* Build configuration list for PBXProject "BleLowEnergy" */;
			compatibilityVersion = "Xcode 12.0";
			developmentRegion = en;
			hasScannedForEncodings = 0;
			knownRegions = (
				en,
				Base,
			);
			mainGroup = 83CBB9F61A601CBA00E9B192;
			productRefGroup = 83CBBA001A601CBA00E9B192 /* Products */;
			projectDirPath = "";
			projectRoot = "";
			targets = (
				13B07F861A680F5B00A75B9A /* BleLowEnergy */,
				00E356ED1AD99517003FC87E /* BleLowEnergyTests */,
			);
		};
/* End PBXProject section */

/* Begin PBXResourcesBuildPhase section */
		00E356EC1AD99517003FC87E /* Resources */ = {
			isa = PBXResourcesBuildPhase;
			buildActionMask = 2147483647;
			files = (
			);
			runOnlyForDeploymentPostprocessing = 0;
		};
		13B07F8E1A680F5B00A75B9A /* Resources */ = {
			isa = PBXResourcesBuildPhase;
			buildActionMask = 2147483647;
			files = (
				81AB9BB82411601600AC10FF /* LaunchScreen.storyboard in Resources */,
				13B07FBF1A68108700A75B9A /* Images.xcassets in Resources */,
				38E746F1B4C54AEB8A87187F /* Kanit-Black.ttf in Resources */,
				2547255550C84C1391402B46 /* Kanit-BlackItalic.ttf in Resources */,
				5EF6783A889448909E94CE29 /* Kanit-Bold.ttf in Resources */,
				E912D5A1A418410CAD9AA997 /* Kanit-BoldItalic.ttf in Resources */,
				A2A02EBED7A741B680EF5315 /* Kanit-ExtraBold.ttf in Resources */,
				CB9CCD33B8904BD2A5BDB121 /* Kanit-ExtraBoldItalic.ttf in Resources */,
				04A8CDAC76E344B8A484B400 /* Kanit-ExtraLight.ttf in Resources */,
				348BCBCB5EDB468D97812F95 /* Kanit-ExtraLightItalic.ttf in Resources */,
				397F5BB7F341453F8ED221C1 /* Kanit-Italic.ttf in Resources */,
				006182B93A394C94BD1B3E4E /* Kanit-Light.ttf in Resources */,
				3B60CB50833D4C84B2963400 /* Kanit-LightItalic.ttf in Resources */,
				C8B21A4D8D97446F96BBBE0D /* Kanit-Medium.ttf in Resources */,
				108797AACB964D749992C026 /* Kanit-MediumItalic.ttf in Resources */,
				B1156937C75F4839AFFD4BC8 /* Kanit-Regular.ttf in Resources */,
				785C67F3E26F4F42A935A5BB /* Kanit-SemiBold.ttf in Resources */,
				AE0E6D7BD9B14FE1A4A05E58 /* Kanit-SemiBoldItalic.ttf in Resources */,
				9E1E8F10E14A47DA9412FEE7 /* Kanit-Thin.ttf in Resources */,
				617F37106981474D874858BB /* Kanit-ThinItalic.ttf in Resources */,
				6F9D9B7AFA4143A9AD8EEE90 /* Lobster-Regular.ttf in Resources */,
				30583EDFFAE14687A2A2CC63 /* NotoSans-Regular.ttf in Resources */,
				FAB19675A2C84CAC80E2A159 /* Roboto-Black.ttf in Resources */,
				0DF8DD6D112344B89F086149 /* Roboto-BlackItalic.ttf in Resources */,
				3D0221D94F884A16A3E5385F /* Roboto-Bold.ttf in Resources */,
				2D252BD543354C078C6E538B /* Roboto-BoldItalic.ttf in Resources */,
				DEFC7741BF5740A3B2E68673 /* Roboto-Italic.ttf in Resources */,
				CD18DB9019BB4CF88DA661D5 /* Roboto-Light.ttf in Resources */,
				A6017ED9915440A0919EA941 /* Roboto-LightItalic.ttf in Resources */,
				1A3B1A15A8264F01AD7EC13A /* Roboto-Medium.ttf in Resources */,
				96EA6CE803DC4157859D2914 /* Roboto-MediumItalic.ttf in Resources */,
				477256478A8D4E9CB72EE3D6 /* Roboto-Regular.ttf in Resources */,
				335940A5BDE64AFEBEABE745 /* Roboto-Thin.ttf in Resources */,
				226E7B465D584006976C0DB1 /* Roboto-ThinItalic.ttf in Resources */,
				9EC6ECFB09A448778A14AA34 /* LICENSE.txt in Resources */,
			);
			runOnlyForDeploymentPostprocessing = 0;
		};
/* End PBXResourcesBuildPhase section */

/* Begin PBXShellScriptBuildPhase section */
		00DD1BFF1BD5951E006B06BC /* Bundle React Native code and images */ = {
			isa = PBXShellScriptBuildPhase;
			buildActionMask = 2147483647;
			files = (
			);
			inputPaths = (
				"$(SRCROOT)/.xcode.env.local",
				"$(SRCROOT)/.xcode.env",
			);
			name = "Bundle React Native code and images";
			outputPaths = (
			);
			runOnlyForDeploymentPostprocessing = 0;
			shellPath = /bin/sh;
			shellScript = "set -e\n\nWITH_ENVIRONMENT=\"../node_modules/react-native/scripts/xcode/with-environment.sh\"\nREACT_NATIVE_XCODE=\"../node_modules/react-native/scripts/react-native-xcode.sh\"\n\n/bin/sh -c \"$WITH_ENVIRONMENT $REACT_NATIVE_XCODE\"\n";
		};
		00EEFC60759A1932668264C0 /* [CP] Embed Pods Frameworks */ = {
			isa = PBXShellScriptBuildPhase;
			buildActionMask = 2147483647;
			files = (
			);
			inputFileListPaths = (
				"${PODS_ROOT}/Target Support Files/Pods-BleLowEnergy/Pods-BleLowEnergy-frameworks-${CONFIGURATION}-input-files.xcfilelist",
			);
			name = "[CP] Embed Pods Frameworks";
			outputFileListPaths = (
				"${PODS_ROOT}/Target Support Files/Pods-BleLowEnergy/Pods-BleLowEnergy-frameworks-${CONFIGURATION}-output-files.xcfilelist",
			);
			runOnlyForDeploymentPostprocessing = 0;
			shellPath = /bin/sh;
			shellScript = "\"${PODS_ROOT}/Target Support Files/Pods-BleLowEnergy/Pods-BleLowEnergy-frameworks.sh\"\n";
			showEnvVarsInLog = 0;
		};
		A55EABD7B0C7F3A422A6CC61 /* [CP] Check Pods Manifest.lock */ = {
			isa = PBXShellScriptBuildPhase;
			buildActionMask = 2147483647;
			files = (
			);
			inputFileListPaths = (
			);
			inputPaths = (
				"${PODS_PODFILE_DIR_PATH}/Podfile.lock",
				"${PODS_ROOT}/Manifest.lock",
			);
			name = "[CP] Check Pods Manifest.lock";
			outputFileListPaths = (
			);
			outputPaths = (
				"$(DERIVED_FILE_DIR)/Pods-BleLowEnergy-BleLowEnergyTests-checkManifestLockResult.txt",
			);
			runOnlyForDeploymentPostprocessing = 0;
			shellPath = /bin/sh;
			shellScript = "diff \"${PODS_PODFILE_DIR_PATH}/Podfile.lock\" \"${PODS_ROOT}/Manifest.lock\" > /dev/null\nif [ $? != 0 ] ; then\n    # print error to STDERR\n    echo \"error: The sandbox is not in sync with the Podfile.lock. Run 'pod install' or update your CocoaPods installation.\" >&2\n    exit 1\nfi\n# This output is used by Xcode 'outputs' to avoid re-running this script phase.\necho \"SUCCESS\" > \"${SCRIPT_OUTPUT_FILE_0}\"\n";
			showEnvVarsInLog = 0;
		};
		C38B50BA6285516D6DCD4F65 /* [CP] Check Pods Manifest.lock */ = {
			isa = PBXShellScriptBuildPhase;
			buildActionMask = 2147483647;
			files = (
			);
			inputFileListPaths = (
			);
			inputPaths = (
				"${PODS_PODFILE_DIR_PATH}/Podfile.lock",
				"${PODS_ROOT}/Manifest.lock",
			);
			name = "[CP] Check Pods Manifest.lock";
			outputFileListPaths = (
			);
			outputPaths = (
				"$(DERIVED_FILE_DIR)/Pods-BleLowEnergy-checkManifestLockResult.txt",
			);
			runOnlyForDeploymentPostprocessing = 0;
			shellPath = /bin/sh;
			shellScript = "diff \"${PODS_PODFILE_DIR_PATH}/Podfile.lock\" \"${PODS_ROOT}/Manifest.lock\" > /dev/null\nif [ $? != 0 ] ; then\n    # print error to STDERR\n    echo \"error: The sandbox is not in sync with the Podfile.lock. Run 'pod install' or update your CocoaPods installation.\" >&2\n    exit 1\nfi\n# This output is used by Xcode 'outputs' to avoid re-running this script phase.\necho \"SUCCESS\" > \"${SCRIPT_OUTPUT_FILE_0}\"\n";
			showEnvVarsInLog = 0;
		};
		C59DA0FBD6956966B86A3779 /* [CP] Embed Pods Frameworks */ = {
			isa = PBXShellScriptBuildPhase;
			buildActionMask = 2147483647;
			files = (
			);
			inputFileListPaths = (
				"${PODS_ROOT}/Target Support Files/Pods-BleLowEnergy-BleLowEnergyTests/Pods-BleLowEnergy-BleLowEnergyTests-frameworks-${CONFIGURATION}-input-files.xcfilelist",
			);
			name = "[CP] Embed Pods Frameworks";
			outputFileListPaths = (
				"${PODS_ROOT}/Target Support Files/Pods-BleLowEnergy-BleLowEnergyTests/Pods-BleLowEnergy-BleLowEnergyTests-frameworks-${CONFIGURATION}-output-files.xcfilelist",
			);
			runOnlyForDeploymentPostprocessing = 0;
			shellPath = /bin/sh;
			shellScript = "\"${PODS_ROOT}/Target Support Files/Pods-BleLowEnergy-BleLowEnergyTests/Pods-BleLowEnergy-BleLowEnergyTests-frameworks.sh\"\n";
			showEnvVarsInLog = 0;
		};
		E235C05ADACE081382539298 /* [CP] Copy Pods Resources */ = {
			isa = PBXShellScriptBuildPhase;
			buildActionMask = 2147483647;
			files = (
			);
			inputFileListPaths = (
				"${PODS_ROOT}/Target Support Files/Pods-BleLowEnergy/Pods-BleLowEnergy-resources-${CONFIGURATION}-input-files.xcfilelist",
			);
			name = "[CP] Copy Pods Resources";
			outputFileListPaths = (
				"${PODS_ROOT}/Target Support Files/Pods-BleLowEnergy/Pods-BleLowEnergy-resources-${CONFIGURATION}-output-files.xcfilelist",
			);
			runOnlyForDeploymentPostprocessing = 0;
			shellPath = /bin/sh;
			shellScript = "\"${PODS_ROOT}/Target Support Files/Pods-BleLowEnergy/Pods-BleLowEnergy-resources.sh\"\n";
			showEnvVarsInLog = 0;
		};
		F6A41C54EA430FDDC6A6ED99 /* [CP] Copy Pods Resources */ = {
			isa = PBXShellScriptBuildPhase;
			buildActionMask = 2147483647;
			files = (
			);
			inputFileListPaths = (
				"${PODS_ROOT}/Target Support Files/Pods-BleLowEnergy-BleLowEnergyTests/Pods-BleLowEnergy-BleLowEnergyTests-resources-${CONFIGURATION}-input-files.xcfilelist",
			);
			name = "[CP] Copy Pods Resources";
			outputFileListPaths = (
				"${PODS_ROOT}/Target Support Files/Pods-BleLowEnergy-BleLowEnergyTests/Pods-BleLowEnergy-BleLowEnergyTests-resources-${CONFIGURATION}-output-files.xcfilelist",
			);
			runOnlyForDeploymentPostprocessing = 0;
			shellPath = /bin/sh;
			shellScript = "\"${PODS_ROOT}/Target Support Files/Pods-BleLowEnergy-BleLowEnergyTests/Pods-BleLowEnergy-BleLowEnergyTests-resources.sh\"\n";
			showEnvVarsInLog = 0;
		};
		FD10A7F022414F080027D42C /* Start Packager */ = {
			isa = PBXShellScriptBuildPhase;
			buildActionMask = 2147483647;
			files = (
			);
			inputFileListPaths = (
			);
			inputPaths = (
			);
			name = "Start Packager";
			outputFileListPaths = (
			);
			outputPaths = (
			);
			runOnlyForDeploymentPostprocessing = 0;
			shellPath = /bin/sh;
			shellScript = "export RCT_METRO_PORT=\"${RCT_METRO_PORT:=8081}\"\necho \"export RCT_METRO_PORT=${RCT_METRO_PORT}\" > \"${SRCROOT}/../node_modules/react-native/scripts/.packager.env\"\nif [ -z \"${RCT_NO_LAUNCH_PACKAGER+xxx}\" ] ; then\n  if nc -w 5 -z localhost ${RCT_METRO_PORT} ; then\n    if ! curl -s \"http://localhost:${RCT_METRO_PORT}/status\" | grep -q \"packager-status:running\" ; then\n      echo \"Port ${RCT_METRO_PORT} already in use, packager is either not running or not running correctly\"\n      exit 2\n    fi\n  else\n    open \"$SRCROOT/../node_modules/react-native/scripts/launchPackager.command\" || echo \"Can't start packager automatically\"\n  fi\nfi\n";
			showEnvVarsInLog = 0;
		};
/* End PBXShellScriptBuildPhase section */

/* Begin PBXSourcesBuildPhase section */
		00E356EA1AD99517003FC87E /* Sources */ = {
			isa = PBXSourcesBuildPhase;
			buildActionMask = 2147483647;
			files = (
				00E356F31AD99517003FC87E /* BleLowEnergyTests.m in Sources */,
			);
			runOnlyForDeploymentPostprocessing = 0;
		};
		13B07F871A680F5B00A75B9A /* Sources */ = {
			isa = PBXSourcesBuildPhase;
			buildActionMask = 2147483647;
			files = (
				13B07FBC1A68108700A75B9A /* AppDelegate.mm in Sources */,
				13B07FC11A68108700A75B9A /* main.m in Sources */,
			);
			runOnlyForDeploymentPostprocessing = 0;
		};
/* End PBXSourcesBuildPhase section */

/* Begin PBXTargetDependency section */
		00E356F51AD99517003FC87E /* PBXTargetDependency */ = {
			isa = PBXTargetDependency;
			target = 13B07F861A680F5B00A75B9A /* BleLowEnergy */;
			targetProxy = 00E356F41AD99517003FC87E /* PBXContainerItemProxy */;
		};
/* End PBXTargetDependency section */

/* Begin XCBuildConfiguration section */
		00E356F61AD99517003FC87E /* Debug */ = {
			isa = XCBuildConfiguration;
			baseConfigurationReference = 5B7EB9410499542E8C5724F5 /* Pods-BleLowEnergy-BleLowEnergyTests.debug.xcconfig */;
			buildSettings = {
				BUNDLE_LOADER = "$(TEST_HOST)";
				GCC_PREPROCESSOR_DEFINITIONS = (
					"DEBUG=1",
					"$(inherited)",
				);
				INFOPLIST_FILE = BleLowEnergyTests/Info.plist;
				IPHONEOS_DEPLOYMENT_TARGET = 12.4;
				LD_RUNPATH_SEARCH_PATHS = (
					"$(inherited)",
					"@executable_path/Frameworks",
					"@loader_path/Frameworks",
				);
				OTHER_LDFLAGS = (
					"-ObjC",
					"-lc++",
					"$(inherited)",
				);
				PRODUCT_BUNDLE_IDENTIFIER = "org.reactjs.native.example.$(PRODUCT_NAME:rfc1034identifier)";
				PRODUCT_NAME = "$(TARGET_NAME)";
				TEST_HOST = "$(BUILT_PRODUCTS_DIR)/BleLowEnergy.app/BleLowEnergy";
			};
			name = Debug;
		};
		00E356F71AD99517003FC87E /* Release */ = {
			isa = XCBuildConfiguration;
			baseConfigurationReference = 89C6BE57DB24E9ADA2F236DE /* Pods-BleLowEnergy-BleLowEnergyTests.release.xcconfig */;
			buildSettings = {
				BUNDLE_LOADER = "$(TEST_HOST)";
				COPY_PHASE_STRIP = NO;
				INFOPLIST_FILE = BleLowEnergyTests/Info.plist;
				IPHONEOS_DEPLOYMENT_TARGET = 12.4;
				LD_RUNPATH_SEARCH_PATHS = (
					"$(inherited)",
					"@executable_path/Frameworks",
					"@loader_path/Frameworks",
				);
				OTHER_LDFLAGS = (
					"-ObjC",
					"-lc++",
					"$(inherited)",
				);
				PRODUCT_BUNDLE_IDENTIFIER = "org.reactjs.native.example.$(PRODUCT_NAME:rfc1034identifier)";
				PRODUCT_NAME = "$(TARGET_NAME)";
				TEST_HOST = "$(BUILT_PRODUCTS_DIR)/BleLowEnergy.app/BleLowEnergy";
			};
			name = Release;
		};
		13B07F941A680F5B00A75B9A /* Debug */ = {
			isa = XCBuildConfiguration;
			baseConfigurationReference = 3B4392A12AC88292D35C810B /* Pods-BleLowEnergy.debug.xcconfig */;
			buildSettings = {
				ASSETCATALOG_COMPILER_APPICON_NAME = AppIcon;
				CLANG_ENABLE_MODULES = YES;
				CURRENT_PROJECT_VERSION = 1;
				ENABLE_BITCODE = NO;
				INFOPLIST_FILE = BleLowEnergy/Info.plist;
				LD_RUNPATH_SEARCH_PATHS = (
					"$(inherited)",
					"@executable_path/Frameworks",
				);
				MARKETING_VERSION = 1.0;
				OTHER_LDFLAGS = (
					"$(inherited)",
					"-ObjC",
					"-lc++",
				);
				PRODUCT_BUNDLE_IDENTIFIER = "org.reactjs.native.example.$(PRODUCT_NAME:rfc1034identifier)";
				PRODUCT_NAME = BleLowEnergy;
				SWIFT_OPTIMIZATION_LEVEL = "-Onone";
				SWIFT_VERSION = 5.0;
				VERSIONING_SYSTEM = "apple-generic";
			};
			name = Debug;
		};
		13B07F951A680F5B00A75B9A /* Release */ = {
			isa = XCBuildConfiguration;
			baseConfigurationReference = 5709B34CF0A7D63546082F79 /* Pods-BleLowEnergy.release.xcconfig */;
			buildSettings = {
				ASSETCATALOG_COMPILER_APPICON_NAME = AppIcon;
				CLANG_ENABLE_MODULES = YES;
				CURRENT_PROJECT_VERSION = 1;
				INFOPLIST_FILE = BleLowEnergy/Info.plist;
				LD_RUNPATH_SEARCH_PATHS = (
					"$(inherited)",
					"@executable_path/Frameworks",
				);
				MARKETING_VERSION = 1.0;
				OTHER_LDFLAGS = (
					"$(inherited)",
					"-ObjC",
					"-lc++",
				);
				PRODUCT_BUNDLE_IDENTIFIER = "org.reactjs.native.example.$(PRODUCT_NAME:rfc1034identifier)";
				PRODUCT_NAME = BleLowEnergy;
				SWIFT_VERSION = 5.0;
				VERSIONING_SYSTEM = "apple-generic";
			};
			name = Release;
		};
		83CBBA201A601CBA00E9B192 /* Debug */ = {
			isa = XCBuildConfiguration;
			buildSettings = {
				ALWAYS_SEARCH_USER_PATHS = NO;
				CLANG_ANALYZER_LOCALIZABILITY_NONLOCALIZED = YES;
				CLANG_CXX_LANGUAGE_STANDARD = "c++17";
				CLANG_CXX_LIBRARY = "libc++";
				CLANG_ENABLE_MODULES = YES;
				CLANG_ENABLE_OBJC_ARC = YES;
				CLANG_WARN_BLOCK_CAPTURE_AUTORELEASING = YES;
				CLANG_WARN_BOOL_CONVERSION = YES;
				CLANG_WARN_COMMA = YES;
				CLANG_WARN_CONSTANT_CONVERSION = YES;
				CLANG_WARN_DEPRECATED_OBJC_IMPLEMENTATIONS = YES;
				CLANG_WARN_DIRECT_OBJC_ISA_USAGE = YES_ERROR;
				CLANG_WARN_EMPTY_BODY = YES;
				CLANG_WARN_ENUM_CONVERSION = YES;
				CLANG_WARN_INFINITE_RECURSION = YES;
				CLANG_WARN_INT_CONVERSION = YES;
				CLANG_WARN_NON_LITERAL_NULL_CONVERSION = YES;
				CLANG_WARN_OBJC_IMPLICIT_RETAIN_SELF = YES;
				CLANG_WARN_OBJC_LITERAL_CONVERSION = YES;
				CLANG_WARN_OBJC_ROOT_CLASS = YES_ERROR;
				CLANG_WARN_QUOTED_INCLUDE_IN_FRAMEWORK_HEADER = YES;
				CLANG_WARN_RANGE_LOOP_ANALYSIS = YES;
				CLANG_WARN_STRICT_PROTOTYPES = YES;
				CLANG_WARN_SUSPICIOUS_MOVE = YES;
				CLANG_WARN_UNREACHABLE_CODE = YES;
				CLANG_WARN__DUPLICATE_METHOD_MATCH = YES;
				"CODE_SIGN_IDENTITY[sdk=iphoneos*]" = "iPhone Developer";
				COPY_PHASE_STRIP = NO;
				ENABLE_STRICT_OBJC_MSGSEND = YES;
				ENABLE_TESTABILITY = YES;
				"EXCLUDED_ARCHS[sdk=iphonesimulator*]" = "";
				GCC_C_LANGUAGE_STANDARD = gnu99;
				GCC_DYNAMIC_NO_PIC = NO;
				GCC_NO_COMMON_BLOCKS = YES;
				GCC_OPTIMIZATION_LEVEL = 0;
				GCC_PREPROCESSOR_DEFINITIONS = (
					"DEBUG=1",
					"$(inherited)",
				);
				GCC_SYMBOLS_PRIVATE_EXTERN = NO;
				GCC_WARN_64_TO_32_BIT_CONVERSION = YES;
				GCC_WARN_ABOUT_RETURN_TYPE = YES_ERROR;
				GCC_WARN_UNDECLARED_SELECTOR = YES;
				GCC_WARN_UNINITIALIZED_AUTOS = YES_AGGRESSIVE;
				GCC_WARN_UNUSED_FUNCTION = YES;
				GCC_WARN_UNUSED_VARIABLE = YES;
				IPHONEOS_DEPLOYMENT_TARGET = 12.4;
				LD_RUNPATH_SEARCH_PATHS = (
					/usr/lib/swift,
					"$(inherited)",
				);
				LIBRARY_SEARCH_PATHS = (
					"\"$(SDKROOT)/usr/lib/swift\"",
					"\"$(TOOLCHAIN_DIR)/usr/lib/swift/$(PLATFORM_NAME)\"",
					"\"$(inherited)\"",
				);
				MTL_ENABLE_DEBUG_INFO = YES;
				ONLY_ACTIVE_ARCH = YES;
				OTHER_CPLUSPLUSFLAGS = (
					"$(OTHER_CFLAGS)",
					"-DFOLLY_NO_CONFIG",
					"-DFOLLY_MOBILE=1",
					"-DFOLLY_USE_LIBCPP=1",
				);
				SDKROOT = iphoneos;
			};
			name = Debug;
		};
		83CBBA211A601CBA00E9B192 /* Release */ = {
			isa = XCBuildConfiguration;
			buildSettings = {
				ALWAYS_SEARCH_USER_PATHS = NO;
				CLANG_ANALYZER_LOCALIZABILITY_NONLOCALIZED = YES;
				CLANG_CXX_LANGUAGE_STANDARD = "c++17";
				CLANG_CXX_LIBRARY = "libc++";
				CLANG_ENABLE_MODULES = YES;
				CLANG_ENABLE_OBJC_ARC = YES;
				CLANG_WARN_BLOCK_CAPTURE_AUTORELEASING = YES;
				CLANG_WARN_BOOL_CONVERSION = YES;
				CLANG_WARN_COMMA = YES;
				CLANG_WARN_CONSTANT_CONVERSION = YES;
				CLANG_WARN_DEPRECATED_OBJC_IMPLEMENTATIONS = YES;
				CLANG_WARN_DIRECT_OBJC_ISA_USAGE = YES_ERROR;
				CLANG_WARN_EMPTY_BODY = YES;
				CLANG_WARN_ENUM_CONVERSION = YES;
				CLANG_WARN_INFINITE_RECURSION = YES;
				CLANG_WARN_INT_CONVERSION = YES;
				CLANG_WARN_NON_LITERAL_NULL_CONVERSION = YES;
				CLANG_WARN_OBJC_IMPLICIT_RETAIN_SELF = YES;
				CLANG_WARN_OBJC_LITERAL_CONVERSION = YES;
				CLANG_WARN_OBJC_ROOT_CLASS = YES_ERROR;
				CLANG_WARN_QUOTED_INCLUDE_IN_FRAMEWORK_HEADER = YES;
				CLANG_WARN_RANGE_LOOP_ANALYSIS = YES;
				CLANG_WARN_STRICT_PROTOTYPES = YES;
				CLANG_WARN_SUSPICIOUS_MOVE = YES;
				CLANG_WARN_UNREACHABLE_CODE = YES;
				CLANG_WARN__DUPLICATE_METHOD_MATCH = YES;
				"CODE_SIGN_IDENTITY[sdk=iphoneos*]" = "iPhone Developer";
				COPY_PHASE_STRIP = YES;
				ENABLE_NS_ASSERTIONS = NO;
				ENABLE_STRICT_OBJC_MSGSEND = YES;
				"EXCLUDED_ARCHS[sdk=iphonesimulator*]" = "";
				GCC_C_LANGUAGE_STANDARD = gnu99;
				GCC_NO_COMMON_BLOCKS = YES;
				GCC_WARN_64_TO_32_BIT_CONVERSION = YES;
				GCC_WARN_ABOUT_RETURN_TYPE = YES_ERROR;
				GCC_WARN_UNDECLARED_SELECTOR = YES;
				GCC_WARN_UNINITIALIZED_AUTOS = YES_AGGRESSIVE;
				GCC_WARN_UNUSED_FUNCTION = YES;
				GCC_WARN_UNUSED_VARIABLE = YES;
				IPHONEOS_DEPLOYMENT_TARGET = 12.4;
				LD_RUNPATH_SEARCH_PATHS = (
					/usr/lib/swift,
					"$(inherited)",
				);
				LIBRARY_SEARCH_PATHS = (
					"\"$(SDKROOT)/usr/lib/swift\"",
					"\"$(TOOLCHAIN_DIR)/usr/lib/swift/$(PLATFORM_NAME)\"",
					"\"$(inherited)\"",
				);
				MTL_ENABLE_DEBUG_INFO = NO;
				OTHER_CPLUSPLUSFLAGS = (
					"$(OTHER_CFLAGS)",
					"-DFOLLY_NO_CONFIG",
					"-DFOLLY_MOBILE=1",
					"-DFOLLY_USE_LIBCPP=1",
				);
				SDKROOT = iphoneos;
				VALIDATE_PRODUCT = YES;
			};
			name = Release;
		};
/* End XCBuildConfiguration section */

/* Begin XCConfigurationList section */
		00E357021AD99517003FC87E /* Build configuration list for PBXNativeTarget "BleLowEnergyTests" */ = {
			isa = XCConfigurationList;
			buildConfigurations = (
				00E356F61AD99517003FC87E /* Debug */,
				00E356F71AD99517003FC87E /* Release */,
			);
			defaultConfigurationIsVisible = 0;
			defaultConfigurationName = Release;
		};
		13B07F931A680F5B00A75B9A /* Build configuration list for PBXNativeTarget "BleLowEnergy" */ = {
			isa = XCConfigurationList;
			buildConfigurations = (
				13B07F941A680F5B00A75B9A /* Debug */,
				13B07F951A680F5B00A75B9A /* Release */,
			);
			defaultConfigurationIsVisible = 0;
			defaultConfigurationName = Release;
		};
		83CBB9FA1A601CBA00E9B192 /* Build configuration list for PBXProject "BleLowEnergy" */ = {
			isa = XCConfigurationList;
			buildConfigurations = (
				83CBBA201A601CBA00E9B192 /* Debug */,
				83CBBA211A601CBA00E9B192 /* Release */,
			);
			defaultConfigurationIsVisible = 0;
			defaultConfigurationName = Release;
		};
/* End XCConfigurationList section */
	};
	rootObject = 83CBB9F71A601CBA00E9B192 /* Project object */;
}
